
Microsoft Visual Studio Solution File, Format Version 12.00
# Visual Studio Version 17
VisualStudioVersion = 17.8.34511.84
MinimumVisualStudioVersion = 10.0.40219.1
Project("{FAE04EC0-301F-11D3-BF4B-00C04F79EFBC}") = "EFProject", "EFProject\EFProject.csproj", "{DA4E29E7-15AF-44F6-98C9-713730E21B2A}"
EndProject
Global
	GlobalSection(SolutionConfigurationPlatforms) = preSolution
		Debug|Any CPU = Debug|Any CPU
		Release|Any CPU = Release|Any CPU
	EndGlobalSection
	GlobalSection(ProjectConfigurationPlatforms) = postSolution
		{DA4E29E7-15AF-44F6-98C9-713730E21B2A}.Debug|Any CPU.ActiveCfg = Debug|Any CPU
		{DA4E29E7-15AF-44F6-98C9-713730E21B2A}.Debug|Any CPU.Build.0 = Debug|Any CPU
		{DA4E29E7-15AF-44F6-98C9-713730E21B2A}.Release|Any CPU.ActiveCfg = Release|Any CPU
		{DA4E29E7-15AF-44F6-98C9-713730E21B2A}.Release|Any CPU.Build.0 = Release|Any CPU
	EndGlobalSection
	GlobalSection(SolutionProperties) = preSolution
		HideSolutionNode = FALSE
	EndGlobalSection
	GlobalSection(ExtensibilityGlobals) = postSolution
		SolutionGuid = {1AC2C6FA-4D11-4BFE-BAB9-67D52F14840C}
	EndGlobalSection
EndGlobal
